// !$*UTF8*$!
{
	archiveVersion = 1;
	classes = {
	};
	objectVersion = 56;
	objects = {

/* Begin PBXBuildFile section */
		746629E329F34EF2004409E3 /* AppDelegate.swift in Sources */ = {isa = PBXBuildFile; fileRef = 746629E229F34EF2004409E3 /* AppDelegate.swift */; };
		746629E529F34EF2004409E3 /* SceneDelegate.swift in Sources */ = {isa = PBXBuildFile; fileRef = 746629E429F34EF2004409E3 /* SceneDelegate.swift */; };
		746629E729F34EF2004409E3 /* RMTabViewController.swift in Sources */ = {isa = PBXBuildFile; fileRef = 746629E629F34EF2004409E3 /* RMTabViewController.swift */; };
		746629EC29F34EF6004409E3 /* Assets.xcassets in Resources */ = {isa = PBXBuildFile; fileRef = 746629EB29F34EF6004409E3 /* Assets.xcassets */; };
		746629EF29F34EF6004409E3 /* LaunchScreen.storyboard in Resources */ = {isa = PBXBuildFile; fileRef = 746629ED29F34EF6004409E3 /* LaunchScreen.storyboard */; };
		74662A0029F37542004409E3 /* RMLocation.swift in Sources */ = {isa = PBXBuildFile; fileRef = 746629FF29F37542004409E3 /* RMLocation.swift */; };
		74662A0229F37578004409E3 /* RMCharacter.swift in Sources */ = {isa = PBXBuildFile; fileRef = 74662A0129F37578004409E3 /* RMCharacter.swift */; };
		74662A0429F375A1004409E3 /* RMEpisode.swift in Sources */ = {isa = PBXBuildFile; fileRef = 74662A0329F375A1004409E3 /* RMEpisode.swift */; };
		74662A0729F37788004409E3 /* RMCharacterViewController.swift in Sources */ = {isa = PBXBuildFile; fileRef = 74662A0629F37788004409E3 /* RMCharacterViewController.swift */; };
		74662A0929F377DB004409E3 /* RMLocationViewController.swift in Sources */ = {isa = PBXBuildFile; fileRef = 74662A0829F377DB004409E3 /* RMLocationViewController.swift */; };
		74662A0B29F3780D004409E3 /* RMEpisodeViewController.swift in Sources */ = {isa = PBXBuildFile; fileRef = 74662A0A29F3780D004409E3 /* RMEpisodeViewController.swift */; };
		74662A0D29F37852004409E3 /* RMSettingsViewController.swift in Sources */ = {isa = PBXBuildFile; fileRef = 74662A0C29F37852004409E3 /* RMSettingsViewController.swift */; };
/* End PBXBuildFile section */

/* Begin PBXFileReference section */
		746629DF29F34EF2004409E3 /* RickandMorty.app */ = {isa = PBXFileReference; explicitFileType = wrapper.application; includeInIndex = 0; path = RickandMorty.app; sourceTree = BUILT_PRODUCTS_DIR; };
		746629E229F34EF2004409E3 /* AppDelegate.swift */ = {isa = PBXFileReference; lastKnownFileType = sourcecode.swift; path = AppDelegate.swift; sourceTree = "<group>"; };
		746629E429F34EF2004409E3 /* SceneDelegate.swift */ = {isa = PBXFileReference; lastKnownFileType = sourcecode.swift; path = SceneDelegate.swift; sourceTree = "<group>"; };
		746629E629F34EF2004409E3 /* RMTabViewController.swift */ = {isa = PBXFileReference; lastKnownFileType = sourcecode.swift; path = RMTabViewController.swift; sourceTree = "<group>"; };
		746629EB29F34EF6004409E3 /* Assets.xcassets */ = {isa = PBXFileReference; lastKnownFileType = folder.assetcatalog; path = Assets.xcassets; sourceTree = "<group>"; };
		746629EE29F34EF6004409E3 /* Base */ = {isa = PBXFileReference; lastKnownFileType = file.storyboard; name = Base; path = Base.lproj/LaunchScreen.storyboard; sourceTree = "<group>"; };
		746629F029F34EF6004409E3 /* Info.plist */ = {isa = PBXFileReference; lastKnownFileType = text.plist.xml; path = Info.plist; sourceTree = "<group>"; };
		746629FF29F37542004409E3 /* RMLocation.swift */ = {isa = PBXFileReference; lastKnownFileType = sourcecode.swift; path = RMLocation.swift; sourceTree = "<group>"; };
		74662A0129F37578004409E3 /* RMCharacter.swift */ = {isa = PBXFileReference; lastKnownFileType = sourcecode.swift; path = RMCharacter.swift; sourceTree = "<group>"; };
		74662A0329F375A1004409E3 /* RMEpisode.swift */ = {isa = PBXFileReference; lastKnownFileType = sourcecode.swift; path = RMEpisode.swift; sourceTree = "<group>"; };
		74662A0629F37788004409E3 /* RMCharacterViewController.swift */ = {isa = PBXFileReference; lastKnownFileType = sourcecode.swift; path = RMCharacterViewController.swift; sourceTree = "<group>"; };
		74662A0829F377DB004409E3 /* RMLocationViewController.swift */ = {isa = PBXFileReference; lastKnownFileType = sourcecode.swift; path = RMLocationViewController.swift; sourceTree = "<group>"; };
		74662A0A29F3780D004409E3 /* RMEpisodeViewController.swift */ = {isa = PBXFileReference; lastKnownFileType = sourcecode.swift; path = RMEpisodeViewController.swift; sourceTree = "<group>"; };
		74662A0C29F37852004409E3 /* RMSettingsViewController.swift */ = {isa = PBXFileReference; lastKnownFileType = sourcecode.swift; path = RMSettingsViewController.swift; sourceTree = "<group>"; };
/* End PBXFileReference section */

/* Begin PBXFrameworksBuildPhase section */
		746629DC29F34EF2004409E3 /* Frameworks */ = {
			isa = PBXFrameworksBuildPhase;
			buildActionMask = 2147483647;
			files = (
			);
			runOnlyForDeploymentPostprocessing = 0;
		};
/* End PBXFrameworksBuildPhase section */

/* Begin PBXGroup section */
		746629D629F34EF2004409E3 = {
			isa = PBXGroup;
			children = (
				746629E129F34EF2004409E3 /* RickandMorty */,
				746629E029F34EF2004409E3 /* Products */,
			);
			sourceTree = "<group>";
		};
		746629E029F34EF2004409E3 /* Products */ = {
			isa = PBXGroup;
			children = (
				746629DF29F34EF2004409E3 /* RickandMorty.app */,
			);
			name = Products;
			sourceTree = "<group>";
		};
		746629E129F34EF2004409E3 /* RickandMorty */ = {
			isa = PBXGroup;
			children = (
				746629FE29F36DD0004409E3 /* Resources */,
				746629FD29F36DC3004409E3 /* Managers */,
				746629FC29F36DB3004409E3 /* APIClient */,
				746629FA29F36D6B004409E3 /* ViewModels */,
				746629F929F36D4E004409E3 /* Views */,
				746629F729F36D26004409E3 /* Models */,
				746629F629F36D0A004409E3 /* Controllers */,
				746629F029F34EF6004409E3 /* Info.plist */,
			);
			path = RickandMorty;
			sourceTree = "<group>";
		};
		746629F629F36D0A004409E3 /* Controllers */ = {
			isa = PBXGroup;
			children = (
				74662A0529F37705004409E3 /* Core */,
			);
			path = Controllers;
			sourceTree = "<group>";
		};
		746629F729F36D26004409E3 /* Models */ = {
			isa = PBXGroup;
			children = (
				746629FF29F37542004409E3 /* RMLocation.swift */,
				74662A0129F37578004409E3 /* RMCharacter.swift */,
				74662A0329F375A1004409E3 /* RMEpisode.swift */,
			);
			path = Models;
			sourceTree = "<group>";
		};
		746629F929F36D4E004409E3 /* Views */ = {
			isa = PBXGroup;
			children = (
			);
			path = Views;
			sourceTree = "<group>";
		};
		746629FA29F36D6B004409E3 /* ViewModels */ = {
			isa = PBXGroup;
			children = (
			);
			path = ViewModels;
			sourceTree = "<group>";
		};
		746629FC29F36DB3004409E3 /* APIClient */ = {
			isa = PBXGroup;
			children = (
			);
			path = APIClient;
			sourceTree = "<group>";
		};
		746629FD29F36DC3004409E3 /* Managers */ = {
			isa = PBXGroup;
			children = (
			);
			path = Managers;
			sourceTree = "<group>";
		};
		746629FE29F36DD0004409E3 /* Resources */ = {
			isa = PBXGroup;
			children = (
				746629EB29F34EF6004409E3 /* Assets.xcassets */,
				746629ED29F34EF6004409E3 /* LaunchScreen.storyboard */,
				746629E229F34EF2004409E3 /* AppDelegate.swift */,
				746629E429F34EF2004409E3 /* SceneDelegate.swift */,
			);
			path = Resources;
			sourceTree = "<group>";
		};
		74662A0529F37705004409E3 /* Core */ = {
			isa = PBXGroup;
			children = (
				746629E629F34EF2004409E3 /* RMTabViewController.swift */,
				74662A0629F37788004409E3 /* RMCharacterViewController.swift */,
				74662A0829F377DB004409E3 /* RMLocationViewController.swift */,
				74662A0A29F3780D004409E3 /* RMEpisodeViewController.swift */,
				74662A0C29F37852004409E3 /* RMSettingsViewController.swift */,
			);
			path = Core;
			sourceTree = "<group>";
		};
/* End PBXGroup section */

/* Begin PBXNativeTarget section */
		746629DE29F34EF2004409E3 /* RickandMorty */ = {
			isa = PBXNativeTarget;
			buildConfigurationList = 746629F329F34EF6004409E3 /* Build configuration list for PBXNativeTarget "RickandMorty" */;
			buildPhases = (
				746629DB29F34EF2004409E3 /* Sources */,
				746629DC29F34EF2004409E3 /* Frameworks */,
				746629DD29F34EF2004409E3 /* Resources */,
			);
			buildRules = (
			);
			dependencies = (
			);
			name = RickandMorty;
			productName = RickandMorty;
			productReference = 746629DF29F34EF2004409E3 /* RickandMorty.app */;
			productType = "com.apple.product-type.application";
		};
/* End PBXNativeTarget section */

/* Begin PBXProject section */
		746629D729F34EF2004409E3 /* Project object */ = {
			isa = PBXProject;
			attributes = {
				BuildIndependentTargetsInParallel = 1;
				LastSwiftUpdateCheck = 1430;
				LastUpgradeCheck = 1430;
				TargetAttributes = {
					746629DE29F34EF2004409E3 = {
						CreatedOnToolsVersion = 14.3;
					};
				};
			};
			buildConfigurationList = 746629DA29F34EF2004409E3 /* Build configuration list for PBXProject "RickandMorty" */;
			compatibilityVersion = "Xcode 14.0";
			developmentRegion = en;
			hasScannedForEncodings = 0;
			knownRegions = (
				en,
				Base,
			);
			mainGroup = 746629D629F34EF2004409E3;
			productRefGroup = 746629E029F34EF2004409E3 /* Products */;
			projectDirPath = "";
			projectRoot = "";
			targets = (
				746629DE29F34EF2004409E3 /* RickandMorty */,
			);
		};
/* End PBXProject section */

/* Begin PBXResourcesBuildPhase section */
		746629DD29F34EF2004409E3 /* Resources */ = {
			isa = PBXResourcesBuildPhase;
			buildActionMask = 2147483647;
			files = (
				746629EF29F34EF6004409E3 /* LaunchScreen.storyboard in Resources */,
				746629EC29F34EF6004409E3 /* Assets.xcassets in Resources */,
			);
			runOnlyForDeploymentPostprocessing = 0;
		};
/* End PBXResourcesBuildPhase section */

/* Begin PBXSourcesBuildPhase section */
		746629DB29F34EF2004409E3 /* Sources */ = {
			isa = PBXSourcesBuildPhase;
			buildActionMask = 2147483647;
			files = (
				74662A0929F377DB004409E3 /* RMLocationViewController.swift in Sources */,
				74662A0429F375A1004409E3 /* RMEpisode.swift in Sources */,
				746629E729F34EF2004409E3 /* RMTabViewController.swift in Sources */,
				74662A0B29F3780D004409E3 /* RMEpisodeViewController.swift in Sources */,
				746629E329F34EF2004409E3 /* AppDelegate.swift in Sources */,
				746629E529F34EF2004409E3 /* SceneDelegate.swift in Sources */,
				74662A0D29F37852004409E3 /* RMSettingsViewController.swift in Sources */,
				74662A0029F37542004409E3 /* RMLocation.swift in Sources */,
				74662A0229F37578004409E3 /* RMCharacter.swift in Sources */,
				74662A0729F37788004409E3 /* RMCharacterViewController.swift in Sources */,
			);
			runOnlyForDeploymentPostprocessing = 0;
		};
/* End PBXSourcesBuildPhase section */

/* Begin PBXVariantGroup section */
		746629ED29F34EF6004409E3 /* LaunchScreen.storyboard */ = {
			isa = PBXVariantGroup;
			children = (
				746629EE29F34EF6004409E3 /* Base */,
			);
			name = LaunchScreen.storyboard;
			sourceTree = "<group>";
		};
/* End PBXVariantGroup section */

/* Begin XCBuildConfiguration section */
		746629F129F34EF6004409E3 /* Debug */ = {
			isa = XCBuildConfiguration;
			buildSettings = {
				ALWAYS_SEARCH_USER_PATHS = NO;
				CLANG_ANALYZER_NONNULL = YES;
				CLANG_ANALYZER_NUMBER_OBJECT_CONVERSION = YES_AGGRESSIVE;
				CLANG_CXX_LANGUAGE_STANDARD = "gnu++20";
				CLANG_ENABLE_MODULES = YES;
				CLANG_ENABLE_OBJC_ARC = YES;
				CLANG_ENABLE_OBJC_WEAK = YES;
				CLANG_WARN_BLOCK_CAPTURE_AUTORELEASING = YES;
				CLANG_WARN_BOOL_CONVERSION = YES;
				CLANG_WARN_COMMA = YES;
				CLANG_WARN_CONSTANT_CONVERSION = YES;
				CLANG_WARN_DEPRECATED_OBJC_IMPLEMENTATIONS = YES;
				CLANG_WARN_DIRECT_OBJC_ISA_USAGE = YES_ERROR;
				CLANG_WARN_DOCUMENTATION_COMMENTS = YES;
				CLANG_WARN_EMPTY_BODY = YES;
				CLANG_WARN_ENUM_CONVERSION = YES;
				CLANG_WARN_INFINITE_RECURSION = YES;
				CLANG_WARN_INT_CONVERSION = YES;
				CLANG_WARN_NON_LITERAL_NULL_CONVERSION = YES;
				CLANG_WARN_OBJC_IMPLICIT_RETAIN_SELF = YES;
				CLANG_WARN_OBJC_LITERAL_CONVERSION = YES;
				CLANG_WARN_OBJC_ROOT_CLASS = YES_ERROR;
				CLANG_WARN_QUOTED_INCLUDE_IN_FRAMEWORK_HEADER = YES;
				CLANG_WARN_RANGE_LOOP_ANALYSIS = YES;
				CLANG_WARN_STRICT_PROTOTYPES = YES;
				CLANG_WARN_SUSPICIOUS_MOVE = YES;
				CLANG_WARN_UNGUARDED_AVAILABILITY = YES_AGGRESSIVE;
				CLANG_WARN_UNREACHABLE_CODE = YES;
				CLANG_WARN__DUPLICATE_METHOD_MATCH = YES;
				COPY_PHASE_STRIP = NO;
				DEBUG_INFORMATION_FORMAT = dwarf;
				ENABLE_STRICT_OBJC_MSGSEND = YES;
				ENABLE_TESTABILITY = YES;
				GCC_C_LANGUAGE_STANDARD = gnu11;
				GCC_DYNAMIC_NO_PIC = NO;
				GCC_NO_COMMON_BLOCKS = YES;
				GCC_OPTIMIZATION_LEVEL = 0;
				GCC_PREPROCESSOR_DEFINITIONS = (
					"DEBUG=1",
					"$(inherited)",
				);
				GCC_WARN_64_TO_32_BIT_CONVERSION = YES;
				GCC_WARN_ABOUT_RETURN_TYPE = YES_ERROR;
				GCC_WARN_UNDECLARED_SELECTOR = YES;
				GCC_WARN_UNINITIALIZED_AUTOS = YES_AGGRESSIVE;
				GCC_WARN_UNUSED_FUNCTION = YES;
				GCC_WARN_UNUSED_VARIABLE = YES;
				IPHONEOS_DEPLOYMENT_TARGET = 16.4;
				MTL_ENABLE_DEBUG_INFO = INCLUDE_SOURCE;
				MTL_FAST_MATH = YES;
				ONLY_ACTIVE_ARCH = YES;
				SDKROOT = iphoneos;
				SWIFT_ACTIVE_COMPILATION_CONDITIONS = DEBUG;
				SWIFT_OPTIMIZATION_LEVEL = "-Onone";
			};
			name = Debug;
		};
		746629F229F34EF6004409E3 /* Release */ = {
			isa = XCBuildConfiguration;
			buildSettings = {
				ALWAYS_SEARCH_USER_PATHS = NO;
				CLANG_ANALYZER_NONNULL = YES;
				CLANG_ANALYZER_NUMBER_OBJECT_CONVERSION = YES_AGGRESSIVE;
				CLANG_CXX_LANGUAGE_STANDARD = "gnu++20";
				CLANG_ENABLE_MODULES = YES;
				CLANG_ENABLE_OBJC_ARC = YES;
				CLANG_ENABLE_OBJC_WEAK = YES;
				CLANG_WARN_BLOCK_CAPTURE_AUTORELEASING = YES;
				CLANG_WARN_BOOL_CONVERSION = YES;
				CLANG_WARN_COMMA = YES;
				CLANG_WARN_CONSTANT_CONVERSION = YES;
				CLANG_WARN_DEPRECATED_OBJC_IMPLEMENTATIONS = YES;
				CLANG_WARN_DIRECT_OBJC_ISA_USAGE = YES_ERROR;
				CLANG_WARN_DOCUMENTATION_COMMENTS = YES;
				CLANG_WARN_EMPTY_BODY = YES;
				CLANG_WARN_ENUM_CONVERSION = YES;
				CLANG_WARN_INFINITE_RECURSION = YES;
				CLANG_WARN_INT_CONVERSION = YES;
				CLANG_WARN_NON_LITERAL_NULL_CONVERSION = YES;
				CLANG_WARN_OBJC_IMPLICIT_RETAIN_SELF = YES;
				CLANG_WARN_OBJC_LITERAL_CONVERSION = YES;
				CLANG_WARN_OBJC_ROOT_CLASS = YES_ERROR;
				CLANG_WARN_QUOTED_INCLUDE_IN_FRAMEWORK_HEADER = YES;
				CLANG_WARN_RANGE_LOOP_ANALYSIS = YES;
				CLANG_WARN_STRICT_PROTOTYPES = YES;
				CLANG_WARN_SUSPICIOUS_MOVE = YES;
				CLANG_WARN_UNGUARDED_AVAILABILITY = YES_AGGRESSIVE;
				CLANG_WARN_UNREACHABLE_CODE = YES;
				CLANG_WARN__DUPLICATE_METHOD_MATCH = YES;
				COPY_PHASE_STRIP = NO;
				DEBUG_INFORMATION_FORMAT = "dwarf-with-dsym";
				ENABLE_NS_ASSERTIONS = NO;
				ENABLE_STRICT_OBJC_MSGSEND = YES;
				GCC_C_LANGUAGE_STANDARD = gnu11;
				GCC_NO_COMMON_BLOCKS = YES;
				GCC_WARN_64_TO_32_BIT_CONVERSION = YES;
				GCC_WARN_ABOUT_RETURN_TYPE = YES_ERROR;
				GCC_WARN_UNDECLARED_SELECTOR = YES;
				GCC_WARN_UNINITIALIZED_AUTOS = YES_AGGRESSIVE;
				GCC_WARN_UNUSED_FUNCTION = YES;
				GCC_WARN_UNUSED_VARIABLE = YES;
				IPHONEOS_DEPLOYMENT_TARGET = 16.4;
				MTL_ENABLE_DEBUG_INFO = NO;
				MTL_FAST_MATH = YES;
				SDKROOT = iphoneos;
				SWIFT_COMPILATION_MODE = wholemodule;
				SWIFT_OPTIMIZATION_LEVEL = "-O";
				VALIDATE_PRODUCT = YES;
			};
			name = Release;
		};
		746629F429F34EF6004409E3 /* Debug */ = {
			isa = XCBuildConfiguration;
			buildSettings = {
				ASSETCATALOG_COMPILER_APPICON_NAME = AppIcon;
				ASSETCATALOG_COMPILER_GLOBAL_ACCENT_COLOR_NAME = AccentColor;
				CODE_SIGN_STYLE = Automatic;
				CURRENT_PROJECT_VERSION = 1;
				DEVELOPMENT_TEAM = 66756N8WXM;
				GENERATE_INFOPLIST_FILE = YES;
				INFOPLIST_FILE = RickandMorty/Info.plist;
				INFOPLIST_KEY_UIApplicationSupportsIndirectInputEvents = YES;
				INFOPLIST_KEY_UILaunchStoryboardName = LaunchScreen;
				INFOPLIST_KEY_UISupportedInterfaceOrientations_iPad = "UIInterfaceOrientationPortrait UIInterfaceOrientationPortraitUpsideDown UIInterfaceOrientationLandscapeLeft UIInterfaceOrientationLandscapeRight";
				INFOPLIST_KEY_UISupportedInterfaceOrientations_iPhone = "UIInterfaceOrientationPortrait UIInterfaceOrientationLandscapeLeft UIInterfaceOrientationLandscapeRight";
				LD_RUNPATH_SEARCH_PATHS = (
					"$(inherited)",
					"@executable_path/Frameworks",
				);
				MARKETING_VERSION = 1.0;
				PRODUCT_BUNDLE_IDENTIFIER = MyIOSPortfolio.RickandMorty;
				PRODUCT_NAME = "$(TARGET_NAME)";
				SWIFT_EMIT_LOC_STRINGS = YES;
				SWIFT_VERSION = 5.0;
				TARGETED_DEVICE_FAMILY = "1,2";
			};
			name = Debug;
		};
		746629F529F34EF6004409E3 /* Release */ = {
			isa = XCBuildConfiguration;
			buildSettings = {
				ASSETCATALOG_COMPILER_APPICON_NAME = AppIcon;
				ASSETCATALOG_COMPILER_GLOBAL_ACCENT_COLOR_NAME = AccentColor;
				CODE_SIGN_STYLE = Automatic;
				CURRENT_PROJECT_VERSION = 1;
				DEVELOPMENT_TEAM = 66756N8WXM;
				GENERATE_INFOPLIST_FILE = YES;
				INFOPLIST_FILE = RickandMorty/Info.plist;
				INFOPLIST_KEY_UIApplicationSupportsIndirectInputEvents = YES;
				INFOPLIST_KEY_UILaunchStoryboardName = LaunchScreen;
				INFOPLIST_KEY_UISupportedInterfaceOrientations_iPad = "UIInterfaceOrientationPortrait UIInterfaceOrientationPortraitUpsideDown UIInterfaceOrientationLandscapeLeft UIInterfaceOrientationLandscapeRight";
				INFOPLIST_KEY_UISupportedInterfaceOrientations_iPhone = "UIInterfaceOrientationPortrait UIInterfaceOrientationLandscapeLeft UIInterfaceOrientationLandscapeRight";
				LD_RUNPATH_SEARCH_PATHS = (
					"$(inherited)",
					"@executable_path/Frameworks",
				);
				MARKETING_VERSION = 1.0;
				PRODUCT_BUNDLE_IDENTIFIER = MyIOSPortfolio.RickandMorty;
				PRODUCT_NAME = "$(TARGET_NAME)";
				SWIFT_EMIT_LOC_STRINGS = YES;
				SWIFT_VERSION = 5.0;
				TARGETED_DEVICE_FAMILY = "1,2";
			};
			name = Release;
		};
/* End XCBuildConfiguration section */

/* Begin XCConfigurationList section */
		746629DA29F34EF2004409E3 /* Build configuration list for PBXProject "RickandMorty" */ = {
			isa = XCConfigurationList;
			buildConfigurations = (
				746629F129F34EF6004409E3 /* Debug */,
				746629F229F34EF6004409E3 /* Release */,
			);
			defaultConfigurationIsVisible = 0;
			defaultConfigurationName = Release;
		};
		746629F329F34EF6004409E3 /* Build configuration list for PBXNativeTarget "RickandMorty" */ = {
			isa = XCConfigurationList;
			buildConfigurations = (
				746629F429F34EF6004409E3 /* Debug */,
				746629F529F34EF6004409E3 /* Release */,
			);
			defaultConfigurationIsVisible = 0;
			defaultConfigurationName = Release;
		};
/* End XCConfigurationList section */
	};
	rootObject = 746629D729F34EF2004409E3 /* Project object */;
}
